// !$*UTF8*$!
{
	archiveVersion = 1;
	classes = {
	};
	objectVersion = 46;
	objects = {

/* Begin PBXBuildFile section */
		870F452A1C81BD820072107E /* AppDelegate.swift in Sources */ = {isa = PBXBuildFile; fileRef = 870F45291C81BD820072107E /* AppDelegate.swift */; };
		870F452C1C81BD820072107E /* ViewController.swift in Sources */ = {isa = PBXBuildFile; fileRef = 870F452B1C81BD820072107E /* ViewController.swift */; };
		870F452F1C81BD820072107E /* Main.storyboard in Resources */ = {isa = PBXBuildFile; fileRef = 870F452D1C81BD820072107E /* Main.storyboard */; };
		870F45311C81BD820072107E /* Assets.xcassets in Resources */ = {isa = PBXBuildFile; fileRef = 870F45301C81BD820072107E /* Assets.xcassets */; };
		870F45341C81BD820072107E /* LaunchScreen.storyboard in Resources */ = {isa = PBXBuildFile; fileRef = 870F45321C81BD820072107E /* LaunchScreen.storyboard */; };
		870F453D1C81D0380072107E /* MyMessageTableViewCell.swift in Sources */ = {isa = PBXBuildFile; fileRef = 870F453B1C81D0380072107E /* MyMessageTableViewCell.swift */; };
		870F453E1C81D0380072107E /* MyMessageTableViewCell.xib in Resources */ = {isa = PBXBuildFile; fileRef = 870F453C1C81D0380072107E /* MyMessageTableViewCell.xib */; };
		870F45451C81D4900072107E /* BossMessageTableViewCell.swift in Sources */ = {isa = PBXBuildFile; fileRef = 870F45431C81D4900072107E /* BossMessageTableViewCell.swift */; };
		870F45461C81D4900072107E /* BossMessageTableViewCell.xib in Resources */ = {isa = PBXBuildFile; fileRef = 870F45441C81D4900072107E /* BossMessageTableViewCell.xib */; };
/* End PBXBuildFile section */

/* Begin PBXFileReference section */
		870F45261C81BD820072107E /* Line.app */ = {isa = PBXFileReference; explicitFileType = wrapper.application; includeInIndex = 0; path = Line.app; sourceTree = BUILT_PRODUCTS_DIR; };
		870F45291C81BD820072107E /* AppDelegate.swift */ = {isa = PBXFileReference; lastKnownFileType = sourcecode.swift; path = AppDelegate.swift; sourceTree = "<group>"; };
		870F452B1C81BD820072107E /* ViewController.swift */ = {isa = PBXFileReference; lastKnownFileType = sourcecode.swift; path = ViewController.swift; sourceTree = "<group>"; };
		870F452E1C81BD820072107E /* Base */ = {isa = PBXFileReference; lastKnownFileType = file.storyboard; name = Base; path = Base.lproj/Main.storyboard; sourceTree = "<group>"; };
		870F45301C81BD820072107E /* Assets.xcassets */ = {isa = PBXFileReference; lastKnownFileType = folder.assetcatalog; path = Assets.xcassets; sourceTree = "<group>"; };
		870F45331C81BD820072107E /* Base */ = {isa = PBXFileReference; lastKnownFileType = file.storyboard; name = Base; path = Base.lproj/LaunchScreen.storyboard; sourceTree = "<group>"; };
		870F45351C81BD820072107E /* Info.plist */ = {isa = PBXFileReference; lastKnownFileType = text.plist.xml; path = Info.plist; sourceTree = "<group>"; };
		870F453B1C81D0380072107E /* MyMessageTableViewCell.swift */ = {isa = PBXFileReference; fileEncoding = 4; lastKnownFileType = sourcecode.swift; path = MyMessageTableViewCell.swift; sourceTree = "<group>"; };
		870F453C1C81D0380072107E /* MyMessageTableViewCell.xib */ = {isa = PBXFileReference; fileEncoding = 4; lastKnownFileType = file.xib; path = MyMessageTableViewCell.xib; sourceTree = "<group>"; };
		870F45431C81D4900072107E /* BossMessageTableViewCell.swift */ = {isa = PBXFileReference; fileEncoding = 4; lastKnownFileType = sourcecode.swift; path = BossMessageTableViewCell.swift; sourceTree = "<group>"; };
		870F45441C81D4900072107E /* BossMessageTableViewCell.xib */ = {isa = PBXFileReference; fileEncoding = 4; lastKnownFileType = file.xib; path = BossMessageTableViewCell.xib; sourceTree = "<group>"; };
/* End PBXFileReference section */

/* Begin PBXFrameworksBuildPhase section */
		870F45231C81BD820072107E /* Frameworks */ = {
			isa = PBXFrameworksBuildPhase;
			buildActionMask = 2147483647;
			files = (
			);
			runOnlyForDeploymentPostprocessing = 0;
		};
/* End PBXFrameworksBuildPhase section */

/* Begin PBXGroup section */
		870F451D1C81BD820072107E = {
			isa = PBXGroup;
			children = (
				870F45281C81BD820072107E /* Line */,
				870F45271C81BD820072107E /* Products */,
			);
			sourceTree = "<group>";
		};
		870F45271C81BD820072107E /* Products */ = {
			isa = PBXGroup;
			children = (
				870F45261C81BD820072107E /* Line.app */,
			);
			name = Products;
			sourceTree = "<group>";
		};
		870F45281C81BD820072107E /* Line */ = {
			isa = PBXGroup;
			children = (
				870F45291C81BD820072107E /* AppDelegate.swift */,
				870F452B1C81BD820072107E /* ViewController.swift */,
				870F452D1C81BD820072107E /* Main.storyboard */,
				870F45301C81BD820072107E /* Assets.xcassets */,
				870F45321C81BD820072107E /* LaunchScreen.storyboard */,
				870F45351C81BD820072107E /* Info.plist */,
				870F453B1C81D0380072107E /* MyMessageTableViewCell.swift */,
				870F453C1C81D0380072107E /* MyMessageTableViewCell.xib */,
				870F45431C81D4900072107E /* BossMessageTableViewCell.swift */,
				870F45441C81D4900072107E /* BossMessageTableViewCell.xib */,
			);
			path = Line;
			sourceTree = "<group>";
		};
/* End PBXGroup section */

/* Begin PBXNativeTarget section */
		870F45251C81BD820072107E /* Line */ = {
			isa = PBXNativeTarget;
			buildConfigurationList = 870F45381C81BD820072107E /* Build configuration list for PBXNativeTarget "Line" */;
			buildPhases = (
				870F45221C81BD820072107E /* Sources */,
				870F45231C81BD820072107E /* Frameworks */,
				870F45241C81BD820072107E /* Resources */,
			);
			buildRules = (
			);
			dependencies = (
			);
			name = Line;
			productName = Line;
			productReference = 870F45261C81BD820072107E /* Line.app */;
			productType = "com.apple.product-type.application";
		};
/* End PBXNativeTarget section */

/* Begin PBXProject section */
		870F451E1C81BD820072107E /* Project object */ = {
			isa = PBXProject;
			attributes = {
				LastSwiftUpdateCheck = 0720;
				LastUpgradeCheck = 0720;
				ORGANIZATIONNAME = masahiro_hori;
				TargetAttributes = {
					870F45251C81BD820072107E = {
						CreatedOnToolsVersion = 7.2.1;
						DevelopmentTeam = 6ZQ59YZP4F;
					};
				};
			};
			buildConfigurationList = 870F45211C81BD820072107E /* Build configuration list for PBXProject "Line" */;
			compatibilityVersion = "Xcode 3.2";
			developmentRegion = English;
			hasScannedForEncodings = 0;
			knownRegions = (
				en,
				Base,
			);
			mainGroup = 870F451D1C81BD820072107E;
			productRefGroup = 870F45271C81BD820072107E /* Products */;
			projectDirPath = "";
			projectRoot = "";
			targets = (
				870F45251C81BD820072107E /* Line */,
			);
		};
/* End PBXProject section */

/* Begin PBXResourcesBuildPhase section */
		870F45241C81BD820072107E /* Resources */ = {
			isa = PBXResourcesBuildPhase;
			buildActionMask = 2147483647;
			files = (
				870F45341C81BD820072107E /* LaunchScreen.storyboard in Resources */,
				870F45461C81D4900072107E /* BossMessageTableViewCell.xib in Resources */,
				870F453E1C81D0380072107E /* MyMessageTableViewCell.xib in Resources */,
				870F45311C81BD820072107E /* Assets.xcassets in Resources */,
				870F452F1C81BD820072107E /* Main.storyboard in Resources */,
			);
			runOnlyForDeploymentPostprocessing = 0;
		};
/* End PBXResourcesBuildPhase section */

/* Begin PBXSourcesBuildPhase section */
		870F45221C81BD820072107E /* Sources */ = {
			isa = PBXSourcesBuildPhase;
			buildActionMask = 2147483647;
			files = (
				870F45451C81D4900072107E /* BossMessageTableViewCell.swift in Sources */,
				870F453D1C81D0380072107E /* MyMessageTableViewCell.swift in Sources */,
				870F452C1C81BD820072107E /* ViewController.swift in Sources */,
				870F452A1C81BD820072107E /* AppDelegate.swift in Sources */,
			);
			runOnlyForDeploymentPostprocessing = 0;
		};
/* End PBXSourcesBuildPhase section */

/* Begin PBXVariantGroup section */
		870F452D1C81BD820072107E /* Main.storyboard */ = {
			isa = PBXVariantGroup;
			children = (
				870F452E1C81BD820072107E /* Base */,
			);
			name = Main.storyboard;
			sourceTree = "<group>";
		};
		870F45321C81BD820072107E /* LaunchScreen.storyboard */ = {
			isa = PBXVariantGroup;
			children = (
				870F45331C81BD820072107E /* Base */,
			);
			name = LaunchScreen.storyboard;
			sourceTree = "<group>";
		};
/* End PBXVariantGroup section */

/* Begin XCBuildConfiguration section */
		870F45361C81BD820072107E /* Debug */ = {
			isa = XCBuildConfiguration;
			buildSettings = {
				ALWAYS_SEARCH_USER_PATHS = NO;
				CLANG_CXX_LANGUAGE_STANDARD = "gnu++0x";
				CLANG_CXX_LIBRARY = "libc++";
				CLANG_ENABLE_MODULES = YES;
				CLANG_ENABLE_OBJC_ARC = YES;
				CLANG_WARN_BOOL_CONVERSION = YES;
				CLANG_WARN_CONSTANT_CONVERSION = YES;
				CLANG_WARN_DIRECT_OBJC_ISA_USAGE = YES_ERROR;
				CLANG_WARN_EMPTY_BODY = YES;
				CLANG_WARN_ENUM_CONVERSION = YES;
				CLANG_WARN_INT_CONVERSION = YES;
				CLANG_WARN_OBJC_ROOT_CLASS = YES_ERROR;
				CLANG_WARN_UNREACHABLE_CODE = YES;
				CLANG_WARN__DUPLICATE_METHOD_MATCH = YES;
				"CODE_SIGN_IDENTITY[sdk=iphoneos*]" = "iPhone Developer";
				COPY_PHASE_STRIP = NO;
				DEBUG_INFORMATION_FORMAT = dwarf;
				ENABLE_STRICT_OBJC_MSGSEND = YES;
				ENABLE_TESTABILITY = YES;
				GCC_C_LANGUAGE_STANDARD = gnu99;
				GCC_DYNAMIC_NO_PIC = NO;
				GCC_NO_COMMON_BLOCKS = YES;
				GCC_OPTIMIZATION_LEVEL = 0;
				GCC_PREPROCESSOR_DEFINITIONS = (
					"DEBUG=1",
					"$(inherited)",
				);
				GCC_WARN_64_TO_32_BIT_CONVERSION = YES;
				GCC_WARN_ABOUT_RETURN_TYPE = YES_ERROR;
				GCC_WARN_UNDECLARED_SELECTOR = YES;
				GCC_WARN_UNINITIALIZED_AUTOS = YES_AGGRESSIVE;
				GCC_WARN_UNUSED_FUNCTION = YES;
				GCC_WARN_UNUSED_VARIABLE = YES;
				IPHONEOS_DEPLOYMENT_TARGET = 9.2;
				MTL_ENABLE_DEBUG_INFO = YES;
				ONLY_ACTIVE_ARCH = YES;
				SDKROOT = iphoneos;
				SWIFT_OPTIMIZATION_LEVEL = "-Onone";
			};
			name = Debug;
		};
		870F45371C81BD820072107E /* Release */ = {
			isa = XCBuildConfiguration;
			buildSettings = {
				ALWAYS_SEARCH_USER_PATHS = NO;
				CLANG_CXX_LANGUAGE_STANDARD = "gnu++0x";
				CLANG_CXX_LIBRARY = "libc++";
				CLANG_ENABLE_MODULES = YES;
				CLANG_ENABLE_OBJC_ARC = YES;
				CLANG_WARN_BOOL_CONVERSION = YES;
				CLANG_WARN_CONSTANT_CONVERSION = YES;
				CLANG_WARN_DIRECT_OBJC_ISA_USAGE = YES_ERROR;
				CLANG_WARN_EMPTY_BODY = YES;
				CLANG_WARN_ENUM_CONVERSION = YES;
				CLANG_WARN_INT_CONVERSION = YES;
				CLANG_WARN_OBJC_ROOT_CLASS = YES_ERROR;
				CLANG_WARN_UNREACHABLE_CODE = YES;
				CLANG_WARN__DUPLICATE_METHOD_MATCH = YES;
				"CODE_SIGN_IDENTITY[sdk=iphoneos*]" = "iPhone Developer";
				COPY_PHASE_STRIP = NO;
				DEBUG_INFORMATION_FORMAT = "dwarf-with-dsym";
				ENABLE_NS_ASSERTIONS = NO;
				ENABLE_STRICT_OBJC_MSGSEND = YES;
				GCC_C_LANGUAGE_STANDARD = gnu99;
				GCC_NO_COMMON_BLOCKS = YES;
				GCC_WARN_64_TO_32_BIT_CONVERSION = YES;
				GCC_WARN_ABOUT_RETURN_TYPE = YES_ERROR;
				GCC_WARN_UNDECLARED_SELECTOR = YES;
				GCC_WARN_UNINITIALIZED_AUTOS = YES_AGGRESSIVE;
				GCC_WARN_UNUSED_FUNCTION = YES;
				GCC_WARN_UNUSED_VARIABLE = YES;
				IPHONEOS_DEPLOYMENT_TARGET = 9.2;
				MTL_ENABLE_DEBUG_INFO = NO;
				SDKROOT = iphoneos;
				VALIDATE_PRODUCT = YES;
			};
			name = Release;
		};
		870F45391C81BD820072107E /* Debug */ = {
			isa = XCBuildConfiguration;
			buildSettings = {
				ASSETCATALOG_COMPILER_APPICON_NAME = AppIcon;
				INFOPLIST_FILE = Line/Info.plist;
				LD_RUNPATH_SEARCH_PATHS = "$(inherited) @executable_path/Frameworks";
				PRODUCT_BUNDLE_IDENTIFIER = private.Line;
				PRODUCT_NAME = "$(TARGET_NAME)";
			};
			name = Debug;
		};
		870F453A1C81BD820072107E /* Release */ = {
			isa = XCBuildConfiguration;
			buildSettings = {
				ASSETCATALOG_COMPILER_APPICON_NAME = AppIcon;
				INFOPLIST_FILE = Line/Info.plist;
				LD_RUNPATH_SEARCH_PATHS = "$(inherited) @executable_path/Frameworks";
				PRODUCT_BUNDLE_IDENTIFIER = private.Line;
				PRODUCT_NAME = "$(TARGET_NAME)";
			};
			name = Release;
		};
/* End XCBuildConfiguration section */

/* Begin XCConfigurationList section */
		870F45211C81BD820072107E /* Build configuration list for PBXProject "Line" */ = {
			isa = XCConfigurationList;
			buildConfigurations = (
				870F45361C81BD820072107E /* Debug */,
				870F45371C81BD820072107E /* Release */,
			);
			defaultConfigurationIsVisible = 0;
			defaultConfigurationName = Release;
		};
		870F45381C81BD820072107E /* Build configuration list for PBXNativeTarget "Line" */ = {
			isa = XCConfigurationList;
			buildConfigurations = (
				870F45391C81BD820072107E /* Debug */,
				870F453A1C81BD820072107E /* Release */,
			);
			defaultConfigurationIsVisible = 0;
		};
/* End XCConfigurationList section */
	};
	rootObject = 870F451E1C81BD820072107E /* Project object */;
}
